// !$*UTF8*$!
{
	archiveVersion = 1;
	classes = {
	};
	objectVersion = 55;
	objects = {

/* Begin PBXBuildFile section */
		72562A3C2742E12800115C51 /* WeatherForcastApp.swift in Sources */ = {isa = PBXBuildFile; fileRef = 72562A3B2742E12800115C51 /* WeatherForcastApp.swift */; };
		72562A3E2742E12800115C51 /* ContentView.swift in Sources */ = {isa = PBXBuildFile; fileRef = 72562A3D2742E12800115C51 /* ContentView.swift */; };
		72562A402742E12A00115C51 /* Assets.xcassets in Resources */ = {isa = PBXBuildFile; fileRef = 72562A3F2742E12A00115C51 /* Assets.xcassets */; };
		72562A432742E12A00115C51 /* Preview Assets.xcassets in Resources */ = {isa = PBXBuildFile; fileRef = 72562A422742E12A00115C51 /* Preview Assets.xcassets */; };
		72562A4F2742E5E700115C51 /* API.swift in Sources */ = {isa = PBXBuildFile; fileRef = 72562A4E2742E5E700115C51 /* API.swift */; };
		72562A512742E74E00115C51 /* API+Extension.swift in Sources */ = {isa = PBXBuildFile; fileRef = 72562A502742E74E00115C51 /* API+Extension.swift */; };
		72562A532742E92300115C51 /* NetworkManager.swift in Sources */ = {isa = PBXBuildFile; fileRef = 72562A522742E92300115C51 /* NetworkManager.swift */; };
		72562A552742F55100115C51 /* WeatherResponse.swift in Sources */ = {isa = PBXBuildFile; fileRef = 72562A542742F55100115C51 /* WeatherResponse.swift */; };
		72562A572742F65700115C51 /* Weather.swift in Sources */ = {isa = PBXBuildFile; fileRef = 72562A562742F65700115C51 /* Weather.swift */; };
		72562A592742F66D00115C51 /* WeatherDetail.swift in Sources */ = {isa = PBXBuildFile; fileRef = 72562A582742F66D00115C51 /* WeatherDetail.swift */; };
		72562A5B2742F67C00115C51 /* DailyWeather.swift in Sources */ = {isa = PBXBuildFile; fileRef = 72562A5A2742F67C00115C51 /* DailyWeather.swift */; };
		72562A5D2742F68F00115C51 /* Temperature.swift in Sources */ = {isa = PBXBuildFile; fileRef = 72562A5C2742F68F00115C51 /* Temperature.swift */; };
/* End PBXBuildFile section */

/* Begin PBXFileReference section */
		72562A382742E12800115C51 /* WeatherForcast.app */ = {isa = PBXFileReference; explicitFileType = wrapper.application; includeInIndex = 0; path = WeatherForcast.app; sourceTree = BUILT_PRODUCTS_DIR; };
		72562A3B2742E12800115C51 /* WeatherForcastApp.swift */ = {isa = PBXFileReference; lastKnownFileType = sourcecode.swift; path = WeatherForcastApp.swift; sourceTree = "<group>"; };
		72562A3D2742E12800115C51 /* ContentView.swift */ = {isa = PBXFileReference; lastKnownFileType = sourcecode.swift; path = ContentView.swift; sourceTree = "<group>"; };
		72562A3F2742E12A00115C51 /* Assets.xcassets */ = {isa = PBXFileReference; lastKnownFileType = folder.assetcatalog; path = Assets.xcassets; sourceTree = "<group>"; };
		72562A422742E12A00115C51 /* Preview Assets.xcassets */ = {isa = PBXFileReference; lastKnownFileType = folder.assetcatalog; path = "Preview Assets.xcassets"; sourceTree = "<group>"; };
		72562A4E2742E5E700115C51 /* API.swift */ = {isa = PBXFileReference; lastKnownFileType = sourcecode.swift; path = API.swift; sourceTree = "<group>"; };
		72562A502742E74E00115C51 /* API+Extension.swift */ = {isa = PBXFileReference; lastKnownFileType = sourcecode.swift; path = "API+Extension.swift"; sourceTree = "<group>"; };
		72562A522742E92300115C51 /* NetworkManager.swift */ = {isa = PBXFileReference; lastKnownFileType = sourcecode.swift; path = NetworkManager.swift; sourceTree = "<group>"; };
		72562A542742F55100115C51 /* WeatherResponse.swift */ = {isa = PBXFileReference; lastKnownFileType = sourcecode.swift; path = WeatherResponse.swift; sourceTree = "<group>"; };
		72562A562742F65700115C51 /* Weather.swift */ = {isa = PBXFileReference; lastKnownFileType = sourcecode.swift; path = Weather.swift; sourceTree = "<group>"; };
		72562A582742F66D00115C51 /* WeatherDetail.swift */ = {isa = PBXFileReference; lastKnownFileType = sourcecode.swift; path = WeatherDetail.swift; sourceTree = "<group>"; };
		72562A5A2742F67C00115C51 /* DailyWeather.swift */ = {isa = PBXFileReference; lastKnownFileType = sourcecode.swift; path = DailyWeather.swift; sourceTree = "<group>"; };
		72562A5C2742F68F00115C51 /* Temperature.swift */ = {isa = PBXFileReference; lastKnownFileType = sourcecode.swift; path = Temperature.swift; sourceTree = "<group>"; };
/* End PBXFileReference section */

/* Begin PBXFrameworksBuildPhase section */
		72562A352742E12800115C51 /* Frameworks */ = {
			isa = PBXFrameworksBuildPhase;
			buildActionMask = 2147483647;
			files = (
			);
			runOnlyForDeploymentPostprocessing = 0;
		};
/* End PBXFrameworksBuildPhase section */

/* Begin PBXGroup section */
		72562A2F2742E12800115C51 = {
			isa = PBXGroup;
			children = (
				72562A3A2742E12800115C51 /* WeatherForcast */,
				72562A392742E12800115C51 /* Products */,
			);
			sourceTree = "<group>";
		};
		72562A392742E12800115C51 /* Products */ = {
			isa = PBXGroup;
			children = (
				72562A382742E12800115C51 /* WeatherForcast.app */,
			);
			name = Products;
			sourceTree = "<group>";
		};
		72562A3A2742E12800115C51 /* WeatherForcast */ = {
			isa = PBXGroup;
			children = (
				72562A4D2742E46600115C51 /* LottieAnimations */,
				72562A4C2742E46300115C51 /* ViewModels */,
				72562A4B2742E45D00115C51 /* Views */,
				72562A4A2742E45B00115C51 /* Models */,
				72562A492742E45800115C51 /* Networking */,
				72562A3B2742E12800115C51 /* WeatherForcastApp.swift */,
				72562A3F2742E12A00115C51 /* Assets.xcassets */,
				72562A412742E12A00115C51 /* Preview Content */,
			);
			path = WeatherForcast;
			sourceTree = "<group>";
		};
		72562A412742E12A00115C51 /* Preview Content */ = {
			isa = PBXGroup;
			children = (
				72562A422742E12A00115C51 /* Preview Assets.xcassets */,
			);
			path = "Preview Content";
			sourceTree = "<group>";
		};
		72562A492742E45800115C51 /* Networking */ = {
			isa = PBXGroup;
			children = (
				72562A4E2742E5E700115C51 /* API.swift */,
				72562A502742E74E00115C51 /* API+Extension.swift */,
				72562A522742E92300115C51 /* NetworkManager.swift */,
			);
			path = Networking;
			sourceTree = "<group>";
		};
		72562A4A2742E45B00115C51 /* Models */ = {
			isa = PBXGroup;
			children = (
				72562A542742F55100115C51 /* WeatherResponse.swift */,
				72562A562742F65700115C51 /* Weather.swift */,
				72562A582742F66D00115C51 /* WeatherDetail.swift */,
				72562A5A2742F67C00115C51 /* DailyWeather.swift */,
				72562A5C2742F68F00115C51 /* Temperature.swift */,
			);
			path = Models;
			sourceTree = "<group>";
		};
		72562A4B2742E45D00115C51 /* Views */ = {
			isa = PBXGroup;
			children = (
				72562A3D2742E12800115C51 /* ContentView.swift */,
			);
			path = Views;
			sourceTree = "<group>";
		};
		72562A4C2742E46300115C51 /* ViewModels */ = {
			isa = PBXGroup;
			children = (
			);
			path = ViewModels;
			sourceTree = "<group>";
		};
		72562A4D2742E46600115C51 /* LottieAnimations */ = {
			isa = PBXGroup;
			children = (
			);
			path = LottieAnimations;
			sourceTree = "<group>";
		};
/* End PBXGroup section */

/* Begin PBXNativeTarget section */
		72562A372742E12800115C51 /* WeatherForcast */ = {
			isa = PBXNativeTarget;
			buildConfigurationList = 72562A462742E12A00115C51 /* Build configuration list for PBXNativeTarget "WeatherForcast" */;
			buildPhases = (
				72562A342742E12800115C51 /* Sources */,
				72562A352742E12800115C51 /* Frameworks */,
				72562A362742E12800115C51 /* Resources */,
			);
			buildRules = (
			);
			dependencies = (
			);
			name = WeatherForcast;
			productName = WeatherForcast;
			productReference = 72562A382742E12800115C51 /* WeatherForcast.app */;
			productType = "com.apple.product-type.application";
		};
/* End PBXNativeTarget section */

/* Begin PBXProject section */
		72562A302742E12800115C51 /* Project object */ = {
			isa = PBXProject;
			attributes = {
				BuildIndependentTargetsInParallel = 1;
				LastSwiftUpdateCheck = 1310;
				LastUpgradeCheck = 1310;
				TargetAttributes = {
					72562A372742E12800115C51 = {
						CreatedOnToolsVersion = 13.1;
					};
				};
			};
			buildConfigurationList = 72562A332742E12800115C51 /* Build configuration list for PBXProject "WeatherForcast" */;
			compatibilityVersion = "Xcode 13.0";
			developmentRegion = en;
			hasScannedForEncodings = 0;
			knownRegions = (
				en,
				Base,
			);
			mainGroup = 72562A2F2742E12800115C51;
			productRefGroup = 72562A392742E12800115C51 /* Products */;
			projectDirPath = "";
			projectRoot = "";
			targets = (
				72562A372742E12800115C51 /* WeatherForcast */,
			);
		};
/* End PBXProject section */

/* Begin PBXResourcesBuildPhase section */
		72562A362742E12800115C51 /* Resources */ = {
			isa = PBXResourcesBuildPhase;
			buildActionMask = 2147483647;
			files = (
				72562A432742E12A00115C51 /* Preview Assets.xcassets in Resources */,
				72562A402742E12A00115C51 /* Assets.xcassets in Resources */,
			);
			runOnlyForDeploymentPostprocessing = 0;
		};
/* End PBXResourcesBuildPhase section */

/* Begin PBXSourcesBuildPhase section */
		72562A342742E12800115C51 /* Sources */ = {
			isa = PBXSourcesBuildPhase;
			buildActionMask = 2147483647;
			files = (
				72562A512742E74E00115C51 /* API+Extension.swift in Sources */,
				72562A592742F66D00115C51 /* WeatherDetail.swift in Sources */,
				72562A552742F55100115C51 /* WeatherResponse.swift in Sources */,
				72562A3E2742E12800115C51 /* ContentView.swift in Sources */,
				72562A532742E92300115C51 /* NetworkManager.swift in Sources */,
				72562A4F2742E5E700115C51 /* API.swift in Sources */,
				72562A3C2742E12800115C51 /* WeatherForcastApp.swift in Sources */,
				72562A572742F65700115C51 /* Weather.swift in Sources */,
				72562A5D2742F68F00115C51 /* Temperature.swift in Sources */,
				72562A5B2742F67C00115C51 /* DailyWeather.swift in Sources */,
			);
			runOnlyForDeploymentPostprocessing = 0;
		};
/* End PBXSourcesBuildPhase section */

/* Begin XCBuildConfiguration section */
		72562A442742E12A00115C51 /* Debug */ = {
			isa = XCBuildConfiguration;
			buildSettings = {
				ALWAYS_SEARCH_USER_PATHS = NO;
				CLANG_ANALYZER_NONNULL = YES;
				CLANG_ANALYZER_NUMBER_OBJECT_CONVERSION = YES_AGGRESSIVE;
				CLANG_CXX_LANGUAGE_STANDARD = "gnu++17";
				CLANG_CXX_LIBRARY = "libc++";
				CLANG_ENABLE_MODULES = YES;
				CLANG_ENABLE_OBJC_ARC = YES;
				CLANG_ENABLE_OBJC_WEAK = YES;
				CLANG_WARN_BLOCK_CAPTURE_AUTORELEASING = YES;
				CLANG_WARN_BOOL_CONVERSION = YES;
				CLANG_WARN_COMMA = YES;
				CLANG_WARN_CONSTANT_CONVERSION = YES;
				CLANG_WARN_DEPRECATED_OBJC_IMPLEMENTATIONS = YES;
				CLANG_WARN_DIRECT_OBJC_ISA_USAGE = YES_ERROR;
				CLANG_WARN_DOCUMENTATION_COMMENTS = YES;
				CLANG_WARN_EMPTY_BODY = YES;
				CLANG_WARN_ENUM_CONVERSION = YES;
				CLANG_WARN_INFINITE_RECURSION = YES;
				CLANG_WARN_INT_CONVERSION = YES;
				CLANG_WARN_NON_LITERAL_NULL_CONVERSION = YES;
				CLANG_WARN_OBJC_IMPLICIT_RETAIN_SELF = YES;
				CLANG_WARN_OBJC_LITERAL_CONVERSION = YES;
				CLANG_WARN_OBJC_ROOT_CLASS = YES_ERROR;
				CLANG_WARN_QUOTED_INCLUDE_IN_FRAMEWORK_HEADER = YES;
				CLANG_WARN_RANGE_LOOP_ANALYSIS = YES;
				CLANG_WARN_STRICT_PROTOTYPES = YES;
				CLANG_WARN_SUSPICIOUS_MOVE = YES;
				CLANG_WARN_UNGUARDED_AVAILABILITY = YES_AGGRESSIVE;
				CLANG_WARN_UNREACHABLE_CODE = YES;
				CLANG_WARN__DUPLICATE_METHOD_MATCH = YES;
				COPY_PHASE_STRIP = NO;
				DEBUG_INFORMATION_FORMAT = dwarf;
				ENABLE_STRICT_OBJC_MSGSEND = YES;
				ENABLE_TESTABILITY = YES;
				GCC_C_LANGUAGE_STANDARD = gnu11;
				GCC_DYNAMIC_NO_PIC = NO;
				GCC_NO_COMMON_BLOCKS = YES;
				GCC_OPTIMIZATION_LEVEL = 0;
				GCC_PREPROCESSOR_DEFINITIONS = (
					"DEBUG=1",
					"$(inherited)",
				);
				GCC_WARN_64_TO_32_BIT_CONVERSION = YES;
				GCC_WARN_ABOUT_RETURN_TYPE = YES_ERROR;
				GCC_WARN_UNDECLARED_SELECTOR = YES;
				GCC_WARN_UNINITIALIZED_AUTOS = YES_AGGRESSIVE;
				GCC_WARN_UNUSED_FUNCTION = YES;
				GCC_WARN_UNUSED_VARIABLE = YES;
				IPHONEOS_DEPLOYMENT_TARGET = 15.0;
				MTL_ENABLE_DEBUG_INFO = INCLUDE_SOURCE;
				MTL_FAST_MATH = YES;
				ONLY_ACTIVE_ARCH = YES;
				SDKROOT = iphoneos;
				SWIFT_ACTIVE_COMPILATION_CONDITIONS = DEBUG;
				SWIFT_OPTIMIZATION_LEVEL = "-Onone";
			};
			name = Debug;
		};
		72562A452742E12A00115C51 /* Release */ = {
			isa = XCBuildConfiguration;
			buildSettings = {
				ALWAYS_SEARCH_USER_PATHS = NO;
				CLANG_ANALYZER_NONNULL = YES;
				CLANG_ANALYZER_NUMBER_OBJECT_CONVERSION = YES_AGGRESSIVE;
				CLANG_CXX_LANGUAGE_STANDARD = "gnu++17";
				CLANG_CXX_LIBRARY = "libc++";
				CLANG_ENABLE_MODULES = YES;
				CLANG_ENABLE_OBJC_ARC = YES;
				CLANG_ENABLE_OBJC_WEAK = YES;
				CLANG_WARN_BLOCK_CAPTURE_AUTORELEASING = YES;
				CLANG_WARN_BOOL_CONVERSION = YES;
				CLANG_WARN_COMMA = YES;
				CLANG_WARN_CONSTANT_CONVERSION = YES;
				CLANG_WARN_DEPRECATED_OBJC_IMPLEMENTATIONS = YES;
				CLANG_WARN_DIRECT_OBJC_ISA_USAGE = YES_ERROR;
				CLANG_WARN_DOCUMENTATION_COMMENTS = YES;
				CLANG_WARN_EMPTY_BODY = YES;
				CLANG_WARN_ENUM_CONVERSION = YES;
				CLANG_WARN_INFINITE_RECURSION = YES;
				CLANG_WARN_INT_CONVERSION = YES;
				CLANG_WARN_NON_LITERAL_NULL_CONVERSION = YES;
				CLANG_WARN_OBJC_IMPLICIT_RETAIN_SELF = YES;
				CLANG_WARN_OBJC_LITERAL_CONVERSION = YES;
				CLANG_WARN_OBJC_ROOT_CLASS = YES_ERROR;
				CLANG_WARN_QUOTED_INCLUDE_IN_FRAMEWORK_HEADER = YES;
				CLANG_WARN_RANGE_LOOP_ANALYSIS = YES;
				CLANG_WARN_STRICT_PROTOTYPES = YES;
				CLANG_WARN_SUSPICIOUS_MOVE = YES;
				CLANG_WARN_UNGUARDED_AVAILABILITY = YES_AGGRESSIVE;
				CLANG_WARN_UNREACHABLE_CODE = YES;
				CLANG_WARN__DUPLICATE_METHOD_MATCH = YES;
				COPY_PHASE_STRIP = NO;
				DEBUG_INFORMATION_FORMAT = "dwarf-with-dsym";
				ENABLE_NS_ASSERTIONS = NO;
				ENABLE_STRICT_OBJC_MSGSEND = YES;
				GCC_C_LANGUAGE_STANDARD = gnu11;
				GCC_NO_COMMON_BLOCKS = YES;
				GCC_WARN_64_TO_32_BIT_CONVERSION = YES;
				GCC_WARN_ABOUT_RETURN_TYPE = YES_ERROR;
				GCC_WARN_UNDECLARED_SELECTOR = YES;
				GCC_WARN_UNINITIALIZED_AUTOS = YES_AGGRESSIVE;
				GCC_WARN_UNUSED_FUNCTION = YES;
				GCC_WARN_UNUSED_VARIABLE = YES;
				IPHONEOS_DEPLOYMENT_TARGET = 15.0;
				MTL_ENABLE_DEBUG_INFO = NO;
				MTL_FAST_MATH = YES;
				SDKROOT = iphoneos;
				SWIFT_COMPILATION_MODE = wholemodule;
				SWIFT_OPTIMIZATION_LEVEL = "-O";
				VALIDATE_PRODUCT = YES;
			};
			name = Release;
		};
		72562A472742E12A00115C51 /* Debug */ = {
			isa = XCBuildConfiguration;
			buildSettings = {
				ASSETCATALOG_COMPILER_APPICON_NAME = AppIcon;
				ASSETCATALOG_COMPILER_GLOBAL_ACCENT_COLOR_NAME = AccentColor;
				CODE_SIGN_STYLE = Automatic;
				CURRENT_PROJECT_VERSION = 1;
				DEVELOPMENT_ASSET_PATHS = "\"WeatherForcast/Preview Content\"";
				DEVELOPMENT_TEAM = 4PY48UG3VV;
				ENABLE_PREVIEWS = YES;
				GENERATE_INFOPLIST_FILE = YES;
				INFOPLIST_KEY_NSLocationWhenInUseUsageDescription = "The app requires your location for weather data.";
				INFOPLIST_KEY_UIApplicationSceneManifest_Generation = YES;
				INFOPLIST_KEY_UIApplicationSupportsIndirectInputEvents = YES;
				INFOPLIST_KEY_UILaunchScreen_Generation = YES;
				INFOPLIST_KEY_UISupportedInterfaceOrientations_iPad = "UIInterfaceOrientationPortrait UIInterfaceOrientationPortraitUpsideDown UIInterfaceOrientationLandscapeLeft UIInterfaceOrientationLandscapeRight";
				INFOPLIST_KEY_UISupportedInterfaceOrientations_iPhone = "UIInterfaceOrientationPortrait UIInterfaceOrientationLandscapeLeft UIInterfaceOrientationLandscapeRight";
				LD_RUNPATH_SEARCH_PATHS = (
					"$(inherited)",
					"@executable_path/Frameworks",
				);
				MARKETING_VERSION = 1.0;
				PRODUCT_BUNDLE_IDENTIFIER = com.TulsaTech.WeatherForcast;
				PRODUCT_NAME = "$(TARGET_NAME)";
				SWIFT_EMIT_LOC_STRINGS = YES;
				SWIFT_VERSION = 5.0;
				TARGETED_DEVICE_FAMILY = "1,2";
			};
			name = Debug;
		};
		72562A482742E12A00115C51 /* Release */ = {
			isa = XCBuildConfiguration;
			buildSettings = {
				ASSETCATALOG_COMPILER_APPICON_NAME = AppIcon;
				ASSETCATALOG_COMPILER_GLOBAL_ACCENT_COLOR_NAME = AccentColor;
				CODE_SIGN_STYLE = Automatic;
				CURRENT_PROJECT_VERSION = 1;
				DEVELOPMENT_ASSET_PATHS = "\"WeatherForcast/Preview Content\"";
				DEVELOPMENT_TEAM = 4PY48UG3VV;
				ENABLE_PREVIEWS = YES;
				GENERATE_INFOPLIST_FILE = YES;
				INFOPLIST_KEY_NSLocationWhenInUseUsageDescription = "The app requires your location for weather data.";
				INFOPLIST_KEY_UIApplicationSceneManifest_Generation = YES;
				INFOPLIST_KEY_UIApplicationSupportsIndirectInputEvents = YES;
				INFOPLIST_KEY_UILaunchScreen_Generation = YES;
				INFOPLIST_KEY_UISupportedInterfaceOrientations_iPad = "UIInterfaceOrientationPortrait UIInterfaceOrientationPortraitUpsideDown UIInterfaceOrientationLandscapeLeft UIInterfaceOrientationLandscapeRight";
				INFOPLIST_KEY_UISupportedInterfaceOrientations_iPhone = "UIInterfaceOrientationPortrait UIInterfaceOrientationLandscapeLeft UIInterfaceOrientationLandscapeRight";
				LD_RUNPATH_SEARCH_PATHS = (
					"$(inherited)",
					"@executable_path/Frameworks",
				);
				MARKETING_VERSION = 1.0;
				PRODUCT_BUNDLE_IDENTIFIER = com.TulsaTech.WeatherForcast;
				PRODUCT_NAME = "$(TARGET_NAME)";
				SWIFT_EMIT_LOC_STRINGS = YES;
				SWIFT_VERSION = 5.0;
				TARGETED_DEVICE_FAMILY = "1,2";
			};
			name = Release;
		};
/* End XCBuildConfiguration section */

/* Begin XCConfigurationList section */
		72562A332742E12800115C51 /* Build configuration list for PBXProject "WeatherForcast" */ = {
			isa = XCConfigurationList;
			buildConfigurations = (
				72562A442742E12A00115C51 /* Debug */,
				72562A452742E12A00115C51 /* Release */,
			);
			defaultConfigurationIsVisible = 0;
			defaultConfigurationName = Release;
		};
		72562A462742E12A00115C51 /* Build configuration list for PBXNativeTarget "WeatherForcast" */ = {
			isa = XCConfigurationList;
			buildConfigurations = (
				72562A472742E12A00115C51 /* Debug */,
				72562A482742E12A00115C51 /* Release */,
			);
			defaultConfigurationIsVisible = 0;
			defaultConfigurationName = Release;
		};
/* End XCConfigurationList section */
	};
	rootObject = 72562A302742E12800115C51 /* Project object */;
}
